# THIS IS AN AUTOGENERATED FILE. DO NOT EDIT THIS FILE DIRECTLY.
# yarn lockfile v1


vue-class-component@^7.1.0:
  version "7.2.3"
  resolved "https://registry.yarnpkg.com/vue-class-component/-/vue-class-component-7.2.3.tgz#a5b1abd53513a72ad51098752e2dedd499807cca"
  integrity sha512-oEqYpXKaFN+TaXU+mRLEx8dX0ah85aAJEe61mpdoUrq0Bhe/6sWhyZX1JjMQLhVsHAkncyhedhmCdDVSasUtDw==

vue-property-decorator@^8.4.1:
  version "8.4.1"
  resolved "https://registry.yarnpkg.com/vue-property-decorator/-/vue-property-decorator-8.4.1.tgz#fd8045b8678e1348fed57f9149279e00e404ed38"
  integrity sha512-8R4Us7DxFO0rwAL/2fv6vaZL8Oa4n/HGanHODYGTcvQHwT0FYJr9UuuFm2GoWAIXQu1mDO03HNeHswFp9vmTVA==
  dependencies:
    vue-class-component "^7.1.0"
